// !$*UTF8*$!
{
	archiveVersion = 1;
	classes = {
	};
	objectVersion = 77;
	objects = {

/* Begin PBXBuildFile section */
		763B34F72F6FA89B00BA8103 /* GoogleSignIn in Frameworks */ = {isa = PBXBuildFile; productRef = AA000002AAAA000200000002 /* GoogleSignIn */; };
		763B34F82F6FA89B00BA8103 /* GoogleSignInSwift in Frameworks */ = {isa = PBXBuildFile; productRef = AA000003AAAA000300000003 /* GoogleSignInSwift */; };
/* End PBXBuildFile section */

/* Begin PBXContainerItemProxy section */
		763B34172F6F83DD00BA8103 /* PBXContainerItemProxy */ = {
			isa = PBXContainerItemProxy;
			containerPortal = 763B33FF2F6F83DB00BA8103 /* Project object */;
			proxyType = 1;
			remoteGlobalIDString = 763B34062F6F83DB00BA8103;
			remoteInfo = Sasquatch;
		};
		763B34212F6F83DD00BA8103 /* PBXContainerItemProxy */ = {
			isa = PBXContainerItemProxy;
			containerPortal = 763B33FF2F6F83DB00BA8103 /* Project object */;
			proxyType = 1;
			remoteGlobalIDString = 763B34062F6F83DB00BA8103;
			remoteInfo = Sasquatch;
		};
/* End PBXContainerItemProxy section */

/* Begin PBXFileReference section */
		763B34072F6F83DB00BA8103 /* Sasquatch.app */ = {isa = PBXFileReference; explicitFileType = wrapper.application; includeInIndex = 0; path = Sasquatch.app; sourceTree = BUILT_PRODUCTS_DIR; };
		763B34162F6F83DD00BA8103 /* SasquatchTests.xctest */ = {isa = PBXFileReference; explicitFileType = wrapper.cfbundle; includeInIndex = 0; path = SasquatchTests.xctest; sourceTree = BUILT_PRODUCTS_DIR; };
		763B34202F6F83DD00BA8103 /* SasquatchUITests.xctest */ = {isa = PBXFileReference; explicitFileType = wrapper.cfbundle; includeInIndex = 0; path = SasquatchUITests.xctest; sourceTree = BUILT_PRODUCTS_DIR; };
/* End PBXFileReference section */

/* Begin PBXFileSystemSynchronizedRootGroup section */
		763B34092F6F83DB00BA8103 /* Sasquatch */ = {
			isa = PBXFileSystemSynchronizedRootGroup;
			path = Sasquatch;
			sourceTree = "<group>";
		};
		763B34192F6F83DD00BA8103 /* SasquatchTests */ = {
			isa = PBXFileSystemSynchronizedRootGroup;
			path = SasquatchTests;
			sourceTree = "<group>";
		};
		763B34232F6F83DD00BA8103 /* SasquatchUITests */ = {
			isa = PBXFileSystemSynchronizedRootGroup;
			path = SasquatchUITests;
			sourceTree = "<group>";
		};
/* End PBXFileSystemSynchronizedRootGroup section */

/* Begin PBXFrameworksBuildPhase section */
		763B34042F6F83DB00BA8103 /* Frameworks */ = {
			isa = PBXFrameworksBuildPhase;
			buildActionMask = 2147483647;
			files = (
				763B34F82F6FA89B00BA8103 /* GoogleSignInSwift in Frameworks */,
				763B34F72F6FA89B00BA8103 /* GoogleSignIn in Frameworks */,
			);
			runOnlyForDeploymentPostprocessing = 0;
		};
		763B34132F6F83DD00BA8103 /* Frameworks */ = {
			isa = PBXFrameworksBuildPhase;
			buildActionMask = 2147483647;
			files = (
			);
			runOnlyForDeploymentPostprocessing = 0;
		};
		763B341D2F6F83DD00BA8103 /* Frameworks */ = {
			isa = PBXFrameworksBuildPhase;
			buildActionMask = 2147483647;
			files = (
			);
			runOnlyForDeploymentPostprocessing = 0;
		};
/* End PBXFrameworksBuildPhase section */

/* Begin PBXGroup section */
		763B33FE2F6F83DB00BA8103 = {
			isa = PBXGroup;
			children = (
				763B34092F6F83DB00BA8103 /* Sasquatch */,
				763B34192F6F83DD00BA8103 /* SasquatchTests */,
				763B34232F6F83DD00BA8103 /* SasquatchUITests */,
				763B34082F6F83DB00BA8103 /* Products */,
			);
			sourceTree = "<group>";
		};
		763B34082F6F83DB00BA8103 /* Products */ = {
			isa = PBXGroup;
			children = (
				763B34072F6F83DB00BA8103 /* Sasquatch.app */,
				763B34162F6F83DD00BA8103 /* SasquatchTests.xctest */,
				763B34202F6F83DD00BA8103 /* SasquatchUITests.xctest */,
			);
			name = Products;
			sourceTree = "<group>";
		};
/* End PBXGroup section */

/* Begin PBXNativeTarget section */
		763B34062F6F83DB00BA8103 /* Sasquatch */ = {
			isa = PBXNativeTarget;
			buildConfigurationList = 763B342A2F6F83DD00BA8103 /* Build configuration list for PBXNativeTarget "Sasquatch" */;
			buildPhases = (
				763B34032F6F83DB00BA8103 /* Sources */,
				763B34042F6F83DB00BA8103 /* Frameworks */,
				763B34052F6F83DB00BA8103 /* Resources */,
			);
			buildRules = (
			);
			dependencies = (
			);
			fileSystemSynchronizedGroups = (
				763B34092F6F83DB00BA8103 /* Sasquatch */,
			);
			name = Sasquatch;
			packageProductDependencies = (
				AA000002AAAA000200000002 /* GoogleSignIn */,
				AA000003AAAA000300000003 /* GoogleSignInSwift */,
			);
			productName = Sasquatch;
			productReference = 763B34072F6F83DB00BA8103 /* Sasquatch.app */;
			productType = "com.apple.product-type.application";
		};
		763B34152F6F83DD00BA8103 /* SasquatchTests */ = {
			isa = PBXNativeTarget;
			buildConfigurationList = 763B342D2F6F83DD00BA8103 /* Build configuration list for PBXNativeTarget "SasquatchTests" */;
			buildPhases = (
				763B34122F6F83DD00BA8103 /* Sources */,
				763B34132F6F83DD00BA8103 /* Frameworks */,
				763B34142F6F83DD00BA8103 /* Resources */,
			);
			buildRules = (
			);
			dependencies = (
				763B34182F6F83DD00BA8103 /* PBXTargetDependency */,
			);
			fileSystemSynchronizedGroups = (
				763B34192F6F83DD00BA8103 /* SasquatchTests */,
			);
			name = SasquatchTests;
			packageProductDependencies = (
			);
			productName = SasquatchTests;
			productReference = 763B34162F6F83DD00BA8103 /* SasquatchTests.xctest */;
			productType = "com.apple.product-type.bundle.unit-test";
		};
		763B341F2F6F83DD00BA8103 /* SasquatchUITests */ = {
			isa = PBXNativeTarget;
			buildConfigurationList = 763B34302F6F83DD00BA8103 /* Build configuration list for PBXNativeTarget "SasquatchUITests" */;
			buildPhases = (
				763B341C2F6F83DD00BA8103 /* Sources */,
				763B341D2F6F83DD00BA8103 /* Frameworks */,
				763B341E2F6F83DD00BA8103 /* Resources */,
			);
			buildRules = (
			);
			dependencies = (
				763B34222F6F83DD00BA8103 /* PBXTargetDependency */,
			);
			fileSystemSynchronizedGroups = (
				763B34232F6F83DD00BA8103 /* SasquatchUITests */,
			);
			name = SasquatchUITests;
			packageProductDependencies = (
			);
			productName = SasquatchUITests;
			productReference = 763B34202F6F83DD00BA8103 /* SasquatchUITests.xctest */;
			productType = "com.apple.product-type.bundle.ui-testing";
		};
/* End PBXNativeTarget section */

/* Begin PBXProject section */
		763B33FF2F6F83DB00BA8103 /* Project object */ = {
			isa = PBXProject;
			attributes = {
				BuildIndependentTargetsInParallel = 1;
				LastSwiftUpdateCheck = 2630;
				LastUpgradeCheck = 2630;
				TargetAttributes = {
					763B34062F6F83DB00BA8103 = {
						CreatedOnToolsVersion = 26.3;
					};
					763B34152F6F83DD00BA8103 = {
						CreatedOnToolsVersion = 26.3;
						TestTargetID = 763B34062F6F83DB00BA8103;
					};
					763B341F2F6F83DD00BA8103 = {
						CreatedOnToolsVersion = 26.3;
						TestTargetID = 763B34062F6F83DB00BA8103;
					};
				};
			};
			buildConfigurationList = 763B34022F6F83DB00BA8103 /* Build configuration list for PBXProject "Sasquatch" */;
			developmentRegion = en;
			hasScannedForEncodings = 0;
			knownRegions = (
				en,
				Base,
			);
			mainGroup = 763B33FE2F6F83DB00BA8103;
			minimizedProjectReferenceProxies = 1;
			packageReferences = (
				AA000001AAAA000100000001 /* XCRemoteSwiftPackageReference "GoogleSignIn-iOS" */,
			);
			preferredProjectObjectVersion = 77;
			productRefGroup = 763B34082F6F83DB00BA8103 /* Products */;
			projectDirPath = "";
			projectRoot = "";
			targets = (
				763B34062F6F83DB00BA8103 /* Sasquatch */,
				763B34152F6F83DD00BA8103 /* SasquatchTests */,
				763B341F2F6F83DD00BA8103 /* SasquatchUITests */,
			);
		};
/* End PBXProject section */

/* Begin PBXResourcesBuildPhase section */
		763B34052F6F83DB00BA8103 /* Resources */ = {
			isa = PBXResourcesBuildPhase;
			buildActionMask = 2147483647;
			files = (
			);
			runOnlyForDeploymentPostprocessing = 0;
		};
		763B34142F6F83DD00BA8103 /* Resources */ = {
			isa = PBXResourcesBuildPhase;
			buildActionMask = 2147483647;
			files = (
			);
			runOnlyForDeploymentPostprocessing = 0;
		};
		763B341E2F6F83DD00BA8103 /* Resources */ = {
			isa = PBXResourcesBuildPhase;
			buildActionMask = 2147483647;
			files = (
			);
			runOnlyForDeploymentPostprocessing = 0;
		};
/* End PBXResourcesBuildPhase section */

/* Begin PBXSourcesBuildPhase section */
		763B34032F6F83DB00BA8103 /* Sources */ = {
			isa = PBXSourcesBuildPhase;
			buildActionMask = 2147483647;
			files = (
			);
			runOnlyForDeploymentPostprocessing = 0;
		};
		763B34122F6F83DD00BA8103 /* Sources */ = {
			isa = PBXSourcesBuildPhase;
			buildActionMask = 2147483647;
			files = (
			);
			runOnlyForDeploymentPostprocessing = 0;
		};
		763B341C2F6F83DD00BA8103 /* Sources */ = {
			isa = PBXSourcesBuildPhase;
			buildActionMask = 2147483647;
			files = (
			);
			runOnlyForDeploymentPostprocessing = 0;
		};
/* End PBXSourcesBuildPhase section */

/* Begin PBXTargetDependency section */
		763B34182F6F83DD00BA8103 /* PBXTargetDependency */ = {
			isa = PBXTargetDependency;
			target = 763B34062F6F83DB00BA8103 /* Sasquatch */;
			targetProxy = 763B34172F6F83DD00BA8103 /* PBXContainerItemProxy */;
		};
		763B34222F6F83DD00BA8103 /* PBXTargetDependency */ = {
			isa = PBXTargetDependency;
			target = 763B34062F6F83DB00BA8103 /* Sasquatch */;
			targetProxy = 763B34212F6F83DD00BA8103 /* PBXContainerItemProxy */;
		};
/* End PBXTargetDependency section */

/* Begin XCBuildConfiguration section */
		763B34282F6F83DD00BA8103 /* Debug */ = {
			isa = XCBuildConfiguration;
			buildSettings = {
				ALWAYS_SEARCH_USER_PATHS = NO;
				ASSETCATALOG_COMPILER_GENERATE_SWIFT_ASSET_SYMBOL_EXTENSIONS = YES;
				CLANG_ANALYZER_NONNULL = YES;
				CLANG_ANALYZER_NUMBER_OBJECT_CONVERSION = YES_AGGRESSIVE;
				CLANG_CXX_LANGUAGE_STANDARD = "gnu++20";
				CLANG_ENABLE_MODULES = YES;
				CLANG_ENABLE_OBJC_ARC = YES;
				CLANG_ENABLE_OBJC_WEAK = YES;
				CLANG_WARN_BLOCK_CAPTURE_AUTORELEASING = YES;
				CLANG_WARN_BOOL_CONVERSION = YES;
				CLANG_WARN_COMMA = YES;
				CLANG_WARN_CONSTANT_CONVERSION = YES;
				CLANG_WARN_DEPRECATED_OBJC_IMPLEMENTATIONS = YES;
				CLANG_WARN_DIRECT_OBJC_ISA_USAGE = YES_ERROR;
				CLANG_WARN_DOCUMENTATION_COMMENTS = YES;
				CLANG_WARN_EMPTY_BODY = YES;
				CLANG_WARN_ENUM_CONVERSION = YES;
				CLANG_WARN_INFINITE_RECURSION = YES;
				CLANG_WARN_INT_CONVERSION = YES;
				CLANG_WARN_NON_LITERAL_NULL_CONVERSION = YES;
				CLANG_WARN_OBJC_IMPLICIT_RETAIN_SELF = YES;
				CLANG_WARN_OBJC_LITERAL_CONVERSION = YES;
				CLANG_WARN_OBJC_ROOT_CLASS = YES_ERROR;
				CLANG_WARN_QUOTED_INCLUDE_IN_FRAMEWORK_HEADER = YES;
				CLANG_WARN_RANGE_LOOP_ANALYSIS = YES;
				CLANG_WARN_STRICT_PROTOTYPES = YES;
				CLANG_WARN_SUSPICIOUS_MOVE = YES;
				CLANG_WARN_UNGUARDED_AVAILABILITY = YES_AGGRESSIVE;
				CLANG_WARN_UNREACHABLE_CODE = YES;
				CLANG_WARN__DUPLICATE_METHOD_MATCH = YES;
				COPY_PHASE_STRIP = NO;
				DEBUG_INFORMATION_FORMAT = dwarf;
				DEVELOPMENT_TEAM = 62RDBY874V;
				ENABLE_STRICT_OBJC_MSGSEND = YES;
				ENABLE_TESTABILITY = YES;
				ENABLE_USER_SCRIPT_SANDBOXING = YES;
				GCC_C_LANGUAGE_STANDARD = gnu17;
				GCC_DYNAMIC_NO_PIC = NO;
				GCC_NO_COMMON_BLOCKS = YES;
				GCC_OPTIMIZATION_LEVEL = 0;
				GCC_PREPROCESSOR_DEFINITIONS = (
					"DEBUG=1",
					"$(inherited)",
				);
				GCC_WARN_64_TO_32_BIT_CONVERSION = YES;
				GCC_WARN_ABOUT_RETURN_TYPE = YES_ERROR;
				GCC_WARN_UNDECLARED_SELECTOR = YES;
				GCC_WARN_UNINITIALIZED_AUTOS = YES_AGGRESSIVE;
				GCC_WARN_UNUSED_FUNCTION = YES;
				GCC_WARN_UNUSED_VARIABLE = YES;
				IPHONEOS_DEPLOYMENT_TARGET = 26.2;
				LOCALIZATION_PREFERS_STRING_CATALOGS = YES;
				MTL_ENABLE_DEBUG_INFO = INCLUDE_SOURCE;
				MTL_FAST_MATH = YES;
				ONLY_ACTIVE_ARCH = YES;
				SDKROOT = iphoneos;
				SWIFT_ACTIVE_COMPILATION_CONDITIONS = "DEBUG $(inherited)";
				SWIFT_OPTIMIZATION_LEVEL = "-Onone";
			};
			name = Debug;
		};
		763B34292F6F83DD00BA8103 /* Release */ = {
			isa = XCBuildConfiguration;
			buildSettings = {
				ALWAYS_SEARCH_USER_PATHS = NO;
				ASSETCATALOG_COMPILER_GENERATE_SWIFT_ASSET_SYMBOL_EXTENSIONS = YES;
				CLANG_ANALYZER_NONNULL = YES;
				CLANG_ANALYZER_NUMBER_OBJECT_CONVERSION = YES_AGGRESSIVE;
				CLANG_CXX_LANGUAGE_STANDARD = "gnu++20";
				CLANG_ENABLE_MODULES = YES;
				CLANG_ENABLE_OBJC_ARC = YES;
				CLANG_ENABLE_OBJC_WEAK = YES;
				CLANG_WARN_BLOCK_CAPTURE_AUTORELEASING = YES;
				CLANG_WARN_BOOL_CONVERSION = YES;
				CLANG_WARN_COMMA = YES;
				CLANG_WARN_CONSTANT_CONVERSION = YES;
				CLANG_WARN_DEPRECATED_OBJC_IMPLEMENTATIONS = YES;
				CLANG_WARN_DIRECT_OBJC_ISA_USAGE = YES_ERROR;
				CLANG_WARN_DOCUMENTATION_COMMENTS = YES;
				CLANG_WARN_EMPTY_BODY = YES;
				CLANG_WARN_ENUM_CONVERSION = YES;
				CLANG_WARN_INFINITE_RECURSION = YES;
				CLANG_WARN_INT_CONVERSION = YES;
				CLANG_WARN_NON_LITERAL_NULL_CONVERSION = YES;
				CLANG_WARN_OBJC_IMPLICIT_RETAIN_SELF = YES;
				CLANG_WARN_OBJC_LITERAL_CONVERSION = YES;
				CLANG_WARN_OBJC_ROOT_CLASS = YES_ERROR;
				CLANG_WARN_QUOTED_INCLUDE_IN_FRAMEWORK_HEADER = YES;
				CLANG_WARN_RANGE_LOOP_ANALYSIS = YES;
				CLANG_WARN_STRICT_PROTOTYPES = YES;
				CLANG_WARN_SUSPICIOUS_MOVE = YES;
				CLANG_WARN_UNGUARDED_AVAILABILITY = YES_AGGRESSIVE;
				CLANG_WARN_UNREACHABLE_CODE = YES;
				CLANG_WARN__DUPLICATE_METHOD_MATCH = YES;
				COPY_PHASE_STRIP = NO;
				DEBUG_INFORMATION_FORMAT = "dwarf-with-dsym";
				DEVELOPMENT_TEAM = 62RDBY874V;
				ENABLE_NS_ASSERTIONS = NO;
				ENABLE_STRICT_OBJC_MSGSEND = YES;
				ENABLE_USER_SCRIPT_SANDBOXING = YES;
				GCC_C_LANGUAGE_STANDARD = gnu17;
				GCC_NO_COMMON_BLOCKS = YES;
				GCC_WARN_64_TO_32_BIT_CONVERSION = YES;
				GCC_WARN_ABOUT_RETURN_TYPE = YES_ERROR;
				GCC_WARN_UNDECLARED_SELECTOR = YES;
				GCC_WARN_UNINITIALIZED_AUTOS = YES_AGGRESSIVE;
				GCC_WARN_UNUSED_FUNCTION = YES;
				GCC_WARN_UNUSED_VARIABLE = YES;
				IPHONEOS_DEPLOYMENT_TARGET = 26.2;
				LOCALIZATION_PREFERS_STRING_CATALOGS = YES;
				MTL_ENABLE_DEBUG_INFO = NO;
				MTL_FAST_MATH = YES;
				SDKROOT = iphoneos;
				SWIFT_COMPILATION_MODE = wholemodule;
				VALIDATE_PRODUCT = YES;
			};
			name = Release;
		};
		763B342B2F6F83DD00BA8103 /* Debug */ = {
			isa = XCBuildConfiguration;
			buildSettings = {
				ASSETCATALOG_COMPILER_APPICON_NAME = AppIcon;
				ASSETCATALOG_COMPILER_GLOBAL_ACCENT_COLOR_NAME = AccentColor;
				CODE_SIGN_STYLE = Automatic;
				CURRENT_PROJECT_VERSION = 1;
				DEVELOPMENT_TEAM = 62RDBY874V;
				ENABLE_PREVIEWS = YES;
				GENERATE_INFOPLIST_FILE = YES;
				INFOPLIST_FILE = Info.plist;
				INFOPLIST_KEY_NSCameraUsageDescription = "Sasquatch uses the camera and LiDAR sensor to scan climbing walls and detect holds.";
				INFOPLIST_KEY_UIApplicationSceneManifest_Generation = YES;
				INFOPLIST_KEY_UIApplicationSupportsIndirectInputEvents = YES;
				INFOPLIST_KEY_UILaunchScreen_Generation = YES;
				INFOPLIST_KEY_UISupportedInterfaceOrientations_iPad = "UIInterfaceOrientationPortrait UIInterfaceOrientationPortraitUpsideDown UIInterfaceOrientationLandscapeLeft UIInterfaceOrientationLandscapeRight";
				INFOPLIST_KEY_UISupportedInterfaceOrientations_iPhone = "UIInterfaceOrientationPortrait UIInterfaceOrientationLandscapeLeft UIInterfaceOrientationLandscapeRight";
				LD_RUNPATH_SEARCH_PATHS = (
					"$(inherited)",
					"@executable_path/Frameworks",
				);
				MARKETING_VERSION = 1.0;
				PRODUCT_BUNDLE_IDENTIFIER = com.randyzhu.Sasquatch;
				PRODUCT_NAME = "$(TARGET_NAME)";
				STRING_CATALOG_GENERATE_SYMBOLS = YES;
				SWIFT_APPROACHABLE_CONCURRENCY = YES;
				SWIFT_DEFAULT_ACTOR_ISOLATION = MainActor;
				SWIFT_EMIT_LOC_STRINGS = YES;
				SWIFT_UPCOMING_FEATURE_MEMBER_IMPORT_VISIBILITY = YES;
				SWIFT_VERSION = 5.0;
				TARGETED_DEVICE_FAMILY = "1,2";
			};
			name = Debug;
		};
		763B342C2F6F83DD00BA8103 /* Release */ = {
			isa = XCBuildConfiguration;
			buildSettings = {
				ASSETCATALOG_COMPILER_APPICON_NAME = AppIcon;
				ASSETCATALOG_COMPILER_GLOBAL_ACCENT_COLOR_NAME = AccentColor;
				CODE_SIGN_STYLE = Automatic;
				CURRENT_PROJECT_VERSION = 1;
				DEVELOPMENT_TEAM = 62RDBY874V;
				ENABLE_PREVIEWS = YES;
				GENERATE_INFOPLIST_FILE = YES;
				INFOPLIST_FILE = Info.plist;
				INFOPLIST_KEY_NSCameraUsageDescription = "Sasquatch uses the camera and LiDAR sensor to scan climbing walls and detect holds.";
				INFOPLIST_KEY_UIApplicationSceneManifest_Generation = YES;
				INFOPLIST_KEY_UIApplicationSupportsIndirectInputEvents = YES;
				INFOPLIST_KEY_UILaunchScreen_Generation = YES;
				INFOPLIST_KEY_UISupportedInterfaceOrientations_iPad = "UIInterfaceOrientationPortrait UIInterfaceOrientationPortraitUpsideDown UIInterfaceOrientationLandscapeLeft UIInterfaceOrientationLandscapeRight";
				INFOPLIST_KEY_UISupportedInterfaceOrientations_iPhone = "UIInterfaceOrientationPortrait UIInterfaceOrientationLandscapeLeft UIInterfaceOrientationLandscapeRight";
				LD_RUNPATH_SEARCH_PATHS = (
					"$(inherited)",
					"@executable_path/Frameworks",
				);
				MARKETING_VERSION = 1.0;
				PRODUCT_BUNDLE_IDENTIFIER = com.randyzhu.Sasquatch;
				PRODUCT_NAME = "$(TARGET_NAME)";
				STRING_CATALOG_GENERATE_SYMBOLS = YES;
				SWIFT_APPROACHABLE_CONCURRENCY = YES;
				SWIFT_DEFAULT_ACTOR_ISOLATION = MainActor;
				SWIFT_EMIT_LOC_STRINGS = YES;
				SWIFT_UPCOMING_FEATURE_MEMBER_IMPORT_VISIBILITY = YES;
				SWIFT_VERSION = 5.0;
				TARGETED_DEVICE_FAMILY = "1,2";
			};
			name = Release;
		};
		763B342E2F6F83DD00BA8103 /* Debug */ = {
			isa = XCBuildConfiguration;
			buildSettings = {
				BUNDLE_LOADER = "$(TEST_HOST)";
				CODE_SIGN_STYLE = Automatic;
				CURRENT_PROJECT_VERSION = 1;
				DEVELOPMENT_TEAM = 62RDBY874V;
				GENERATE_INFOPLIST_FILE = YES;
				IPHONEOS_DEPLOYMENT_TARGET = 26.2;
				MARKETING_VERSION = 1.0;
				PRODUCT_BUNDLE_IDENTIFIER = com.randyzhu.SasquatchTests;
				PRODUCT_NAME = "$(TARGET_NAME)";
				STRING_CATALOG_GENERATE_SYMBOLS = NO;
				SWIFT_APPROACHABLE_CONCURRENCY = YES;
				SWIFT_EMIT_LOC_STRINGS = NO;
				SWIFT_UPCOMING_FEATURE_MEMBER_IMPORT_VISIBILITY = YES;
				SWIFT_VERSION = 5.0;
				TARGETED_DEVICE_FAMILY = "1,2";
				TEST_HOST = "$(BUILT_PRODUCTS_DIR)/Sasquatch.app/$(BUNDLE_EXECUTABLE_FOLDER_PATH)/Sasquatch";
			};
			name = Debug;
		};
		763B342F2F6F83DD00BA8103 /* Release */ = {
			isa = XCBuildConfiguration;
			buildSettings = {
				BUNDLE_LOADER = "$(TEST_HOST)";
				CODE_SIGN_STYLE = Automatic;
				CURRENT_PROJECT_VERSION = 1;
				DEVELOPMENT_TEAM = 62RDBY874V;
				GENERATE_INFOPLIST_FILE = YES;
				IPHONEOS_DEPLOYMENT_TARGET = 26.2;
				MARKETING_VERSION = 1.0;
				PRODUCT_BUNDLE_IDENTIFIER = com.randyzhu.SasquatchTests;
				PRODUCT_NAME = "$(TARGET_NAME)";
				STRING_CATALOG_GENERATE_SYMBOLS = NO;
				SWIFT_APPROACHABLE_CONCURRENCY = YES;
				SWIFT_EMIT_LOC_STRINGS = NO;
				SWIFT_UPCOMING_FEATURE_MEMBER_IMPORT_VISIBILITY = YES;
				SWIFT_VERSION = 5.0;
				TARGETED_DEVICE_FAMILY = "1,2";
				TEST_HOST = "$(BUILT_PRODUCTS_DIR)/Sasquatch.app/$(BUNDLE_EXECUTABLE_FOLDER_PATH)/Sasquatch";
			};
			name = Release;
		};
		763B34312F6F83DD00BA8103 /* Debug */ = {
			isa = XCBuildConfiguration;
			buildSettings = {
				CODE_SIGN_STYLE = Automatic;
				CURRENT_PROJECT_VERSION = 1;
				DEVELOPMENT_TEAM = 62RDBY874V;
				GENERATE_INFOPLIST_FILE = YES;
				MARKETING_VERSION = 1.0;
				PRODUCT_BUNDLE_IDENTIFIER = com.randyzhu.SasquatchUITests;
				PRODUCT_NAME = "$(TARGET_NAME)";
				STRING_CATALOG_GENERATE_SYMBOLS = NO;
				SWIFT_APPROACHABLE_CONCURRENCY = YES;
				SWIFT_EMIT_LOC_STRINGS = NO;
				SWIFT_UPCOMING_FEATURE_MEMBER_IMPORT_VISIBILITY = YES;
				SWIFT_VERSION = 5.0;
				TARGETED_DEVICE_FAMILY = "1,2";
				TEST_TARGET_NAME = Sasquatch;
			};
			name = Debug;
		};
		763B34322F6F83DD00BA8103 /* Release */ = {
			isa = XCBuildConfiguration;
			buildSettings = {
				CODE_SIGN_STYLE = Automatic;
				CURRENT_PROJECT_VERSION = 1;
				DEVELOPMENT_TEAM = 62RDBY874V;
				GENERATE_INFOPLIST_FILE = YES;
				MARKETING_VERSION = 1.0;
				PRODUCT_BUNDLE_IDENTIFIER = com.randyzhu.SasquatchUITests;
				PRODUCT_NAME = "$(TARGET_NAME)";
				STRING_CATALOG_GENERATE_SYMBOLS = NO;
				SWIFT_APPROACHABLE_CONCURRENCY = YES;
				SWIFT_EMIT_LOC_STRINGS = NO;
				SWIFT_UPCOMING_FEATURE_MEMBER_IMPORT_VISIBILITY = YES;
				SWIFT_VERSION = 5.0;
				TARGETED_DEVICE_FAMILY = "1,2";
				TEST_TARGET_NAME = Sasquatch;
			};
			name = Release;
		};
/* End XCBuildConfiguration section */

/* Begin XCConfigurationList section */
		763B34022F6F83DB00BA8103 /* Build configuration list for PBXProject "Sasquatch" */ = {
			isa = XCConfigurationList;
			buildConfigurations = (
				763B34282F6F83DD00BA8103 /* Debug */,
				763B34292F6F83DD00BA8103 /* Release */,
			);
			defaultConfigurationIsVisible = 0;
			defaultConfigurationName = Release;
		};
		763B342A2F6F83DD00BA8103 /* Build configuration list for PBXNativeTarget "Sasquatch" */ = {
			isa = XCConfigurationList;
			buildConfigurations = (
				763B342B2F6F83DD00BA8103 /* Debug */,
				763B342C2F6F83DD00BA8103 /* Release */,
			);
			defaultConfigurationIsVisible = 0;
			defaultConfigurationName = Release;
		};
		763B342D2F6F83DD00BA8103 /* Build configuration list for PBXNativeTarget "SasquatchTests" */ = {
			isa = XCConfigurationList;
			buildConfigurations = (
				763B342E2F6F83DD00BA8103 /* Debug */,
				763B342F2F6F83DD00BA8103 /* Release */,
			);
			defaultConfigurationIsVisible = 0;
			defaultConfigurationName = Release;
		};
		763B34302F6F83DD00BA8103 /* Build configuration list for PBXNativeTarget "SasquatchUITests" */ = {
			isa = XCConfigurationList;
			buildConfigurations = (
				763B34312F6F83DD00BA8103 /* Debug */,
				763B34322F6F83DD00BA8103 /* Release */,
			);
			defaultConfigurationIsVisible = 0;
			defaultConfigurationName = Release;
		};
/* End XCConfigurationList section */

/* Begin XCRemoteSwiftPackageReference section */
		AA000001AAAA000100000001 /* XCRemoteSwiftPackageReference "GoogleSignIn-iOS" */ = {
			isa = XCRemoteSwiftPackageReference;
			repositoryURL = "https://github.com/google/GoogleSignIn-iOS";
			requirement = {
				kind = upToNextMajorVersion;
				minimumVersion = 8.0.0;
			};
		};
/* End XCRemoteSwiftPackageReference section */

/* Begin XCSwiftPackageProductDependency section */
		AA000002AAAA000200000002 /* GoogleSignIn */ = {
			isa = XCSwiftPackageProductDependency;
			package = AA000001AAAA000100000001 /* XCRemoteSwiftPackageReference "GoogleSignIn-iOS" */;
			productName = GoogleSignIn;
		};
		AA000003AAAA000300000003 /* GoogleSignInSwift */ = {
			isa = XCSwiftPackageProductDependency;
			package = AA000001AAAA000100000001 /* XCRemoteSwiftPackageReference "GoogleSignIn-iOS" */;
			productName = GoogleSignInSwift;
		};
/* End XCSwiftPackageProductDependency section */
	};
	rootObject = 763B33FF2F6F83DB00BA8103 /* Project object */;
}
